
Microsoft Visual Studio Solution File, Format Version 12.00
# Visual Studio Version 17
VisualStudioVersion = 17.13.35919.96 d17.13
MinimumVisualStudioVersion = 10.0.40219.1
Project("{2150E333-8FDC-42A3-9474-1A3956D46DE8}") = "Elementos de la solución", "Elementos de la solución", "{D107F4C8-89CC-BEA8-D3D7-CA6B7733353D}"
	ProjectSection(SolutionItems) = preProject
		.editorconfig = .editorconfig
		.gitattributes = .gitattributes
		.gitignore = .gitignore
		LICENSE = LICENSE
		README.md = README.md
	EndProjectSection
EndProject
Project("{2150E333-8FDC-42A3-9474-1A3956D46DE8}") = "Application", "Application", "{02EA681E-C7D8-13C7-8484-4AC65E1B71E8}"
EndProject
Project("{FAE04EC0-301F-11D3-BF4B-00C04F79EFBC}") = "StudentCredits.API", "StudentCredits.API\StudentCredits.API.csproj", "{80740530-48FC-4E42-9A05-2E14E009DE17}"
EndProject
Project("{FAE04EC0-301F-11D3-BF4B-00C04F79EFBC}") = "StudentCredits.Tests", "StudentCredits.Tests\StudentCredits.Tests.csproj", "{A5E00090-C606-4FAA-9792-749F528A0FE0}"
EndProject
Project("{FAE04EC0-301F-11D3-BF4B-00C04F79EFBC}") = "StudentCredits.Infrastructure", "StudentCredits.Infrastructure\StudentCredits.Infrastructure.csproj", "{1DD60513-4B76-494D-9FA3-BF3344074899}"
EndProject
Project("{FAE04EC0-301F-11D3-BF4B-00C04F79EFBC}") = "StudentCredits.Domain", "StudentCredits.Domain\StudentCredits.Domain.csproj", "{17955E31-1301-4F37-AE25-FE3C65D1280C}"
EndProject
Project("{FAE04EC0-301F-11D3-BF4B-00C04F79EFBC}") = "StudentCredits.Domain.Entities", "StudentCredits.Domain.Entities\StudentCredits.Domain.Entities.csproj", "{593470CD-D5C3-46A5-862F-E69BF23A8F28}"
EndProject
Project("{FAE04EC0-301F-11D3-BF4B-00C04F79EFBC}") = "StudentCredits.Helpers", "StudentCredits.Helpers\StudentCredits.Helpers.csproj", "{91F8CF5F-1B6C-4984-A51B-E91FD40833A2}"
EndProject
Project("{FAE04EC0-301F-11D3-BF4B-00C04F79EFBC}") = "StudentCredits.Contracts", "StudentCredits.Contracts\StudentCredits.Contracts.csproj", "{28FEEA52-5FEB-4108-963B-078245AC6777}"
EndProject
Global
	GlobalSection(SolutionConfigurationPlatforms) = preSolution
		Debug|Any CPU = Debug|Any CPU
		Release|Any CPU = Release|Any CPU
	EndGlobalSection
	GlobalSection(ProjectConfigurationPlatforms) = postSolution
		{80740530-48FC-4E42-9A05-2E14E009DE17}.Debug|Any CPU.ActiveCfg = Debug|Any CPU
		{80740530-48FC-4E42-9A05-2E14E009DE17}.Debug|Any CPU.Build.0 = Debug|Any CPU
		{80740530-48FC-4E42-9A05-2E14E009DE17}.Release|Any CPU.ActiveCfg = Release|Any CPU
		{80740530-48FC-4E42-9A05-2E14E009DE17}.Release|Any CPU.Build.0 = Release|Any CPU
		{A5E00090-C606-4FAA-9792-749F528A0FE0}.Debug|Any CPU.ActiveCfg = Debug|Any CPU
		{A5E00090-C606-4FAA-9792-749F528A0FE0}.Debug|Any CPU.Build.0 = Debug|Any CPU
		{A5E00090-C606-4FAA-9792-749F528A0FE0}.Release|Any CPU.ActiveCfg = Release|Any CPU
		{A5E00090-C606-4FAA-9792-749F528A0FE0}.Release|Any CPU.Build.0 = Release|Any CPU
		{1DD60513-4B76-494D-9FA3-BF3344074899}.Debug|Any CPU.ActiveCfg = Debug|Any CPU
		{1DD60513-4B76-494D-9FA3-BF3344074899}.Debug|Any CPU.Build.0 = Debug|Any CPU
		{1DD60513-4B76-494D-9FA3-BF3344074899}.Release|Any CPU.ActiveCfg = Release|Any CPU
		{1DD60513-4B76-494D-9FA3-BF3344074899}.Release|Any CPU.Build.0 = Release|Any CPU
		{17955E31-1301-4F37-AE25-FE3C65D1280C}.Debug|Any CPU.ActiveCfg = Debug|Any CPU
		{17955E31-1301-4F37-AE25-FE3C65D1280C}.Debug|Any CPU.Build.0 = Debug|Any CPU
		{17955E31-1301-4F37-AE25-FE3C65D1280C}.Release|Any CPU.ActiveCfg = Release|Any CPU
		{17955E31-1301-4F37-AE25-FE3C65D1280C}.Release|Any CPU.Build.0 = Release|Any CPU
		{593470CD-D5C3-46A5-862F-E69BF23A8F28}.Debug|Any CPU.ActiveCfg = Debug|Any CPU
		{593470CD-D5C3-46A5-862F-E69BF23A8F28}.Debug|Any CPU.Build.0 = Debug|Any CPU
		{593470CD-D5C3-46A5-862F-E69BF23A8F28}.Release|Any CPU.ActiveCfg = Release|Any CPU
		{593470CD-D5C3-46A5-862F-E69BF23A8F28}.Release|Any CPU.Build.0 = Release|Any CPU
		{91F8CF5F-1B6C-4984-A51B-E91FD40833A2}.Debug|Any CPU.ActiveCfg = Debug|Any CPU
		{91F8CF5F-1B6C-4984-A51B-E91FD40833A2}.Debug|Any CPU.Build.0 = Debug|Any CPU
		{91F8CF5F-1B6C-4984-A51B-E91FD40833A2}.Release|Any CPU.ActiveCfg = Release|Any CPU
		{91F8CF5F-1B6C-4984-A51B-E91FD40833A2}.Release|Any CPU.Build.0 = Release|Any CPU
		{28FEEA52-5FEB-4108-963B-078245AC6777}.Debug|Any CPU.ActiveCfg = Debug|Any CPU
		{28FEEA52-5FEB-4108-963B-078245AC6777}.Debug|Any CPU.Build.0 = Debug|Any CPU
		{28FEEA52-5FEB-4108-963B-078245AC6777}.Release|Any CPU.ActiveCfg = Release|Any CPU
		{28FEEA52-5FEB-4108-963B-078245AC6777}.Release|Any CPU.Build.0 = Release|Any CPU
	EndGlobalSection
	GlobalSection(SolutionProperties) = preSolution
		HideSolutionNode = FALSE
	EndGlobalSection
	GlobalSection(NestedProjects) = preSolution
		{80740530-48FC-4E42-9A05-2E14E009DE17} = {02EA681E-C7D8-13C7-8484-4AC65E1B71E8}
	EndGlobalSection
	GlobalSection(ExtensibilityGlobals) = postSolution
		SolutionGuid = {F10137D9-5C86-4DCD-B3A8-035364019D13}
	EndGlobalSection
EndGlobal
